
Microsoft Visual Studio Solution File, Format Version 12.00
# Visual Studio 15
VisualStudioVersion = 15.0.28307.757
MinimumVisualStudioVersion = 10.0.40219.1
Project("{FAE04EC0-301F-11D3-BF4B-00C04F79EFBC}") = "VinylShopWebProject", "VinylShopWebProject\VinylShopWebProject.csproj", "{70565FAC-02D4-411C-AF78-6BC6CA5B3F11}"
EndProject
Global
	GlobalSection(SolutionConfigurationPlatforms) = preSolution
		Debug|Any CPU = Debug|Any CPU
		Release|Any CPU = Release|Any CPU
	EndGlobalSection
	GlobalSection(ProjectConfigurationPlatforms) = postSolution
		{70565FAC-02D4-411C-AF78-6BC6CA5B3F11}.Debug|Any CPU.ActiveCfg = Debug|Any CPU
		{70565FAC-02D4-411C-AF78-6BC6CA5B3F11}.Debug|Any CPU.Build.0 = Debug|Any CPU
		{70565FAC-02D4-411C-AF78-6BC6CA5B3F11}.Release|Any CPU.ActiveCfg = Release|Any CPU
		{70565FAC-02D4-411C-AF78-6BC6CA5B3F11}.Release|Any CPU.Build.0 = Release|Any CPU
	EndGlobalSection
	GlobalSection(SolutionProperties) = preSolution
		HideSolutionNode = FALSE
	EndGlobalSection
	GlobalSection(ExtensibilityGlobals) = postSolution
		SolutionGuid = {B46EE58F-A4F1-449E-B713-87F01E550AEB}
	EndGlobalSection
EndGlobal
